<?xml version="1.0" encoding="utf-8"?>
<Project ToolsVersion="4.0" xmlns="http://schemas.microsoft.com/developer/msbuild/2003">
  <ItemGroup>
    <Filter Include="ソース ファイル">
      <UniqueIdentifier>{4FC737F1-C7A5-4376-A066-2A32D752A2FF}</UniqueIdentifier>
      <Extensions>cpp;c;cc;cxx;def;odl;idl;hpj;bat;asm;asmx</Extensions>
    </Filter>
    <Filter Include="ヘッダー ファイル">
      <UniqueIdentifier>{93995380-89BD-4b04-88EB-625FBE52EBFB}</UniqueIdentifier>
      <Extensions>h;hh;hpp;hxx;hm;inl;inc;xsd</Extensions>
    </Filter>
    <Filter Include="リソース ファイル">
      <UniqueIdentifier>{67DA6AB6-F800-4c08-8B7A-83BB121AAD01}</UniqueIdentifier>
      <Extensions>rc;ico;cur;bmp;dlg;rc2;rct;bin;rgs;gif;jpg;jpeg;jpe;resx;tiff;tif;png;wav;mfcribbon-ms</Extensions>
    </Filter>
    <Filter Include="ImGui">
      <UniqueIdentifier>{5dc6e167-2441-411c-a8cc-3257f77e82d9}</UniqueIdentifier>
    </Filter>
    <Filter Include="Scene">
      <UniqueIdentifier>{beb24cb1-7cbb-40dd-8420-5d809e6d51ae}</UniqueIdentifier>
    </Filter>
    <Filter Include="ProjectBase">
      <UniqueIdentifier>{4c3aafaa-b485-4b8b-a2fc-503a84a9b6e7}</UniqueIdentifier>
    </Filter>
    <Filter Include="Mode">
      <UniqueIdentifier>{24744b30-f6cf-4faa-b26d-cd979a832919}</UniqueIdentifier>
    </Filter>
    <Filter Include="Effect">
      <UniqueIdentifier>{ce2585e8-4608-48fd-a141-a6539cd3ca71}</UniqueIdentifier>
    </Filter>
    <Filter Include="Model">
      <UniqueIdentifier>{d1249f42-77d8-4a98-9bdb-be057ea8a42b}</UniqueIdentifier>
    </Filter>
    <Filter Include="Model\Player">
      <UniqueIdentifier>{86ec2074-5b87-491a-8b43-559631b1dc86}</UniqueIdentifier>
    </Filter>
    <Filter Include="Input">
      <UniqueIdentifier>{e8f5d921-0b66-4ad0-b13e-f29d916d514c}</UniqueIdentifier>
    </Filter>
    <Filter Include="Model\Enemy">
      <UniqueIdentifier>{8e3d00de-c2cd-4fb2-8d98-5ab7368b643e}</UniqueIdentifier>
    </Filter>
    <Filter Include="Collision">
      <UniqueIdentifier>{6206a8de-091a-4fd5-8397-ffe51ef59b30}</UniqueIdentifier>
    </Filter>
    <Filter Include="Debug">
      <UniqueIdentifier>{b9a827ae-656c-4b48-8301-8bf9b94eb3e9}</UniqueIdentifier>
    </Filter>
    <Filter Include="Map">
      <UniqueIdentifier>{1fd58e65-5ea5-4524-82e6-42e76957408f}</UniqueIdentifier>
    </Filter>
    <Filter Include="Mesh">
      <UniqueIdentifier>{33fd1130-a503-4e20-9fb4-0025c9fbbae1}</UniqueIdentifier>
    </Filter>
    <Filter Include="Texture_UI">
      <UniqueIdentifier>{089f3ea7-c3f7-42b8-a11d-ca2a63f74b34}</UniqueIdentifier>
    </Filter>
    <Filter Include="Shadow">
      <UniqueIdentifier>{7b5a67da-9d19-44ba-be6d-1e4de30fac50}</UniqueIdentifier>
    </Filter>
    <Filter Include="Option">
      <UniqueIdentifier>{dc4912e2-7149-4f5b-9995-a574b70a4a90}</UniqueIdentifier>
    </Filter>
    <Filter Include="Model\Block">
      <UniqueIdentifier>{00e28d2a-b0ba-4b93-be00-7c7bc84449b3}</UniqueIdentifier>
    </Filter>
    <Filter Include="Manager">
      <UniqueIdentifier>{772d826e-f82e-4b6c-82b1-a465f6cbdad5}</UniqueIdentifier>
    </Filter>
  </ItemGroup>
  <ItemGroup>
    <ClCompile Include="cpp&amp;h\2Dpresents.cpp">
      <Filter>ソース ファイル</Filter>
    </ClCompile>
    <ClCompile Include="cpp&amp;h\3Dline.cpp">
      <Filter>ソース ファイル</Filter>
    </ClCompile>
    <ClCompile Include="cpp&amp;h\3Dmap.cpp">
      <Filter>ソース ファイル</Filter>
    </ClCompile>
    <ClCompile Include="cpp&amp;h\number.cpp">
      <Filter>ソース ファイル</Filter>
    </ClCompile>
    <ClCompile Include="cpp&amp;h\ImGui\imgui.cpp">
      <Filter>ImGui</Filter>
    </ClCompile>
    <ClCompile Include="cpp&amp;h\ImGui\imgui_demo.cpp">
      <Filter>ImGui</Filter>
    </ClCompile>
    <ClCompile Include="cpp&amp;h\ImGui\imgui_draw.cpp">
      <Filter>ImGui</Filter>
    </ClCompile>
    <ClCompile Include="cpp&amp;h\ImGui\imgui_impl_dx9.cpp">
      <Filter>ImGui</Filter>
    </ClCompile>
    <ClCompile Include="cpp&amp;h\ImGui\imgui_impl_win32.cpp">
      <Filter>ImGui</Filter>
    </ClCompile>
    <ClCompile Include="cpp&amp;h\ImGui\imgui_widgets.cpp">
      <Filter>ImGui</Filter>
    </ClCompile>
    <ClCompile Include="cpp&amp;h\scene_load.cpp">
      <Filter>Scene</Filter>
    </ClCompile>
    <ClCompile Include="cpp&amp;h\scene.cpp">
      <Filter>Scene</Filter>
    </ClCompile>
    <ClCompile Include="cpp&amp;h\scene_three.cpp">
      <Filter>Scene</Filter>
    </ClCompile>
    <ClCompile Include="cpp&amp;h\scene_two.cpp">
      <Filter>Scene</Filter>
    </ClCompile>
    <ClCompile Include="cpp&amp;h\scene_X.cpp">
      <Filter>Scene</Filter>
    </ClCompile>
    <ClCompile Include="cpp&amp;h\main.cpp">
      <Filter>ProjectBase</Filter>
    </ClCompile>
    <ClCompile Include="cpp&amp;h\manager.cpp">
      <Filter>ProjectBase</Filter>
    </ClCompile>
    <ClCompile Include="cpp&amp;h\renderer.cpp">
      <Filter>ProjectBase</Filter>
    </ClCompile>
    <ClCompile Include="cpp&amp;h\basemode.cpp">
      <Filter>Mode</Filter>
    </ClCompile>
    <ClCompile Include="cpp&amp;h\game.cpp">
      <Filter>Mode</Filter>
    </ClCompile>
    <ClCompile Include="cpp&amp;h\result.cpp">
      <Filter>Mode</Filter>
    </ClCompile>
    <ClCompile Include="cpp&amp;h\title.cpp">
      <Filter>Mode</Filter>
    </ClCompile>
    <ClCompile Include="cpp&amp;h\3Deffect.cpp">
      <Filter>Effect</Filter>
    </ClCompile>
    <ClCompile Include="cpp&amp;h\2Deffect.cpp">
      <Filter>Effect</Filter>
    </ClCompile>
    <ClCompile Include="cpp&amp;h\3Dparticle.cpp">
      <Filter>Effect</Filter>
    </ClCompile>
    <ClCompile Include="cpp&amp;h\player.cpp">
      <Filter>Model\Player</Filter>
    </ClCompile>
    <ClCompile Include="cpp&amp;h\effect.cpp">
      <Filter>Effect</Filter>
    </ClCompile>
    <ClCompile Include="cpp&amp;h\keyconfig.cpp">
      <Filter>Input</Filter>
    </ClCompile>
    <ClCompile Include="cpp&amp;h\keyboard.cpp">
      <Filter>Input</Filter>
    </ClCompile>
    <ClCompile Include="cpp&amp;h\joypad.cpp">
      <Filter>Input</Filter>
    </ClCompile>
    <ClCompile Include="cpp&amp;h\input.cpp">
      <Filter>Input</Filter>
    </ClCompile>
    <ClCompile Include="cpp&amp;h\enemy.cpp">
      <Filter>Model\Enemy</Filter>
    </ClCompile>
    <ClCompile Include="cpp&amp;h\collision.cpp">
      <Filter>Collision</Filter>
    </ClCompile>
    <ClCompile Include="cpp&amp;h\columncollision.cpp">
      <Filter>Collision</Filter>
    </ClCompile>
    <ClCompile Include="cpp&amp;h\debugcollision.cpp">
      <Filter>Debug</Filter>
    </ClCompile>
    <ClCompile Include="cpp&amp;h\debugproc.cpp">
      <Filter>Debug</Filter>
    </ClCompile>
    <ClCompile Include="cpp&amp;h\tutorial.cpp">
      <Filter>Mode</Filter>
    </ClCompile>
    <ClCompile Include="cpp&amp;h\meshdome.cpp">
      <Filter>Mesh</Filter>
    </ClCompile>
    <ClCompile Include="cpp&amp;h\meshobit.cpp">
      <Filter>Mesh</Filter>
    </ClCompile>
    <ClCompile Include="cpp&amp;h\meshsphere.cpp">
      <Filter>Mesh</Filter>
    </ClCompile>
    <ClCompile Include="cpp&amp;h\meshwall.cpp">
      <Filter>Mesh</Filter>
    </ClCompile>
    <ClCompile Include="cpp&amp;h\model.cpp">
      <Filter>Model</Filter>
    </ClCompile>
    <ClCompile Include="cpp&amp;h\model_info.cpp">
      <Filter>Model</Filter>
    </ClCompile>
    <ClCompile Include="cpp&amp;h\ui.cpp">
      <Filter>Texture_UI</Filter>
    </ClCompile>
    <ClCompile Include="cpp&amp;h\ui_group.cpp">
      <Filter>Texture_UI</Filter>
    </ClCompile>
    <ClCompile Include="cpp&amp;h\texture_manager.cpp">
      <Filter>Texture_UI</Filter>
    </ClCompile>
    <ClCompile Include="cpp&amp;h\mouse.cpp">
      <Filter>Input</Filter>
    </ClCompile>
    <ClCompile Include="cpp&amp;h\XInputPad.cpp">
      <Filter>Input</Filter>
    </ClCompile>
    <ClCompile Include="cpp&amp;h\spherecollision.cpp">
      <Filter>Collision</Filter>
    </ClCompile>
    <ClCompile Include="cpp&amp;h\shadow_mapping.cpp">
      <Filter>Shadow</Filter>
    </ClCompile>
    <ClCompile Include="cpp&amp;h\stencilshadow.cpp">
      <Filter>Shadow</Filter>
    </ClCompile>
    <ClCompile Include="cpp&amp;h\circleshadow.cpp">
      <Filter>Shadow</Filter>
    </ClCompile>
    <ClCompile Include="cpp&amp;h\camera.cpp">
      <Filter>Option</Filter>
    </ClCompile>
    <ClCompile Include="cpp&amp;h\light.cpp">
      <Filter>Option</Filter>
    </ClCompile>
    <ClCompile Include="cpp&amp;h\fade.cpp">
      <Filter>Option</Filter>
    </ClCompile>
    <ClCompile Include="cpp&amp;h\sound.cpp">
      <Filter>Option</Filter>
    </ClCompile>
    <ClCompile Include="cpp&amp;h\rectcollision.cpp">
      <Filter>Collision</Filter>
    </ClCompile>
    <ClCompile Include="cpp&amp;h\Calculation.cpp">
      <Filter>Option</Filter>
    </ClCompile>
    <ClCompile Include="cpp&amp;h\shape.cpp">
      <Filter>ソース ファイル</Filter>
    </ClCompile>
    <ClCompile Include="cpp&amp;h\character.cpp">
      <Filter>Model</Filter>
    </ClCompile>
    <ClCompile Include="cpp&amp;h\floor.cpp">
      <Filter>Mesh</Filter>
    </ClCompile>
    <ClCompile Include="cpp&amp;h\damagefloor.cpp">
      <Filter>Map</Filter>
    </ClCompile>
    <ClCompile Include="cpp&amp;h\baseblock.cpp">
      <Filter>Model\Block</Filter>
    </ClCompile>
    <ClCompile Include="cpp&amp;h\fieldblock.cpp">
      <Filter>Model\Block</Filter>
    </ClCompile>
    <ClCompile Include="cpp&amp;h\connectblock.cpp">
      <Filter>Model\Block</Filter>
    </ClCompile>
    <ClCompile Include="cpp&amp;h\connect_fieldblock.cpp">
      <Filter>Model\Block</Filter>
    </ClCompile>
    <ClCompile Include="cpp&amp;h\normalblock.cpp">
      <Filter>Model\Block</Filter>
    </ClCompile>
    <ClCompile Include="cpp&amp;h\stand.cpp">
      <Filter>Map</Filter>
    </ClCompile>
    <ClCompile Include="cpp&amp;h\bg.cpp">
      <Filter>Texture_UI</Filter>
    </ClCompile>
    <ClCompile Include="cpp&amp;h\signboard.cpp">
      <Filter>Map</Filter>
    </ClCompile>
    <ClCompile Include="cpp&amp;h\meshbox.cpp">
      <Filter>Mesh</Filter>
    </ClCompile>
    <ClCompile Include="cpp&amp;h\playerUI.cpp">
      <Filter>Texture_UI</Filter>
    </ClCompile>
    <ClCompile Include="cpp&amp;h\resultUI.cpp">
      <Filter>Texture_UI</Filter>
    </ClCompile>
    <ClCompile Include="cpp&amp;h\opening.cpp">
      <Filter>Mode</Filter>
    </ClCompile>
    <ClCompile Include="cpp&amp;h\stagingblock.cpp">
      <Filter>Model\Block</Filter>
    </ClCompile>
    <ClCompile Include="cpp&amp;h\openingmanager.cpp">
      <Filter>Manager</Filter>
    </ClCompile>
    <ClCompile Include="cpp&amp;h\bombblock.cpp">
      <Filter>Model\Block</Filter>
    </ClCompile>
    <ClCompile Include="cpp&amp;h\springblock.cpp">
      <Filter>Model\Block</Filter>
    </ClCompile>
  </ItemGroup>
  <ItemGroup>
    <ClInclude Include="cpp&amp;h\2Dpresents.h">
      <Filter>ヘッダー ファイル</Filter>
    </ClInclude>
    <ClInclude Include="cpp&amp;h\3Dline.h">
      <Filter>ヘッダー ファイル</Filter>
    </ClInclude>
    <ClInclude Include="cpp&amp;h\3Dmap.h">
      <Filter>ヘッダー ファイル</Filter>
    </ClInclude>
    <ClInclude Include="cpp&amp;h\number.h">
      <Filter>ヘッダー ファイル</Filter>
    </ClInclude>
    <ClInclude Include="cpp&amp;h\shape.h">
      <Filter>ヘッダー ファイル</Filter>
    </ClInclude>
    <ClInclude Include="cpp&amp;h\ImGui\imconfig.h">
      <Filter>ImGui</Filter>
    </ClInclude>
    <ClInclude Include="cpp&amp;h\ImGui\imgui.h">
      <Filter>ImGui</Filter>
    </ClInclude>
    <ClInclude Include="cpp&amp;h\ImGui\imgui_impl_dx9.h">
      <Filter>ImGui</Filter>
    </ClInclude>
    <ClInclude Include="cpp&amp;h\ImGui\imgui_impl_win32.h">
      <Filter>ImGui</Filter>
    </ClInclude>
    <ClInclude Include="cpp&amp;h\ImGui\imgui_internal.h">
      <Filter>ImGui</Filter>
    </ClInclude>
    <ClInclude Include="cpp&amp;h\ImGui\imstb_rectpack.h">
      <Filter>ImGui</Filter>
    </ClInclude>
    <ClInclude Include="cpp&amp;h\ImGui\imstb_textedit.h">
      <Filter>ImGui</Filter>
    </ClInclude>
    <ClInclude Include="cpp&amp;h\ImGui\imstb_truetype.h">
      <Filter>ImGui</Filter>
    </ClInclude>
    <ClInclude Include="cpp&amp;h\scene.h">
      <Filter>Scene</Filter>
    </ClInclude>
    <ClInclude Include="cpp&amp;h\scene_load.h">
      <Filter>Scene</Filter>
    </ClInclude>
    <ClInclude Include="cpp&amp;h\scene_three.h">
      <Filter>Scene</Filter>
    </ClInclude>
    <ClInclude Include="cpp&amp;h\scene_two.h">
      <Filter>Scene</Filter>
    </ClInclude>
    <ClInclude Include="cpp&amp;h\scene_X.h">
      <Filter>Scene</Filter>
    </ClInclude>
    <ClInclude Include="cpp&amp;h\main.h">
      <Filter>ProjectBase</Filter>
    </ClInclude>
    <ClInclude Include="cpp&amp;h\manager.h">
      <Filter>ProjectBase</Filter>
    </ClInclude>
    <ClInclude Include="cpp&amp;h\renderer.h">
      <Filter>ProjectBase</Filter>
    </ClInclude>
    <ClInclude Include="cpp&amp;h\game.h">
      <Filter>Mode</Filter>
    </ClInclude>
    <ClInclude Include="cpp&amp;h\basemode.h">
      <Filter>Mode</Filter>
    </ClInclude>
    <ClInclude Include="cpp&amp;h\result.h">
      <Filter>Mode</Filter>
    </ClInclude>
    <ClInclude Include="cpp&amp;h\title.h">
      <Filter>Mode</Filter>
    </ClInclude>
    <ClInclude Include="cpp&amp;h\2Deffect.h">
      <Filter>Effect</Filter>
    </ClInclude>
    <ClInclude Include="cpp&amp;h\3Deffect.h">
      <Filter>Effect</Filter>
    </ClInclude>
    <ClInclude Include="cpp&amp;h\3Dparticle.h">
      <Filter>Effect</Filter>
    </ClInclude>
    <ClInclude Include="cpp&amp;h\player.h">
      <Filter>Model\Player</Filter>
    </ClInclude>
    <ClInclude Include="cpp&amp;h\effect.h">
      <Filter>Effect</Filter>
    </ClInclude>
    <ClInclude Include="cpp&amp;h\input.h">
      <Filter>Input</Filter>
    </ClInclude>
    <ClInclude Include="cpp&amp;h\joypad.h">
      <Filter>Input</Filter>
    </ClInclude>
    <ClInclude Include="cpp&amp;h\keyboard.h">
      <Filter>Input</Filter>
    </ClInclude>
    <ClInclude Include="cpp&amp;h\keyconfig.h">
      <Filter>Input</Filter>
    </ClInclude>
    <ClInclude Include="cpp&amp;h\enemy.h">
      <Filter>Model\Enemy</Filter>
    </ClInclude>
    <ClInclude Include="cpp&amp;h\columncollision.h">
      <Filter>Collision</Filter>
    </ClInclude>
    <ClInclude Include="cpp&amp;h\collision.h">
      <Filter>Collision</Filter>
    </ClInclude>
    <ClInclude Include="cpp&amp;h\debugcollision.h">
      <Filter>Debug</Filter>
    </ClInclude>
    <ClInclude Include="cpp&amp;h\debugproc.h">
      <Filter>Debug</Filter>
    </ClInclude>
    <ClInclude Include="cpp&amp;h\tutorial.h">
      <Filter>Mode</Filter>
    </ClInclude>
    <ClInclude Include="cpp&amp;h\meshdome.h">
      <Filter>Mesh</Filter>
    </ClInclude>
    <ClInclude Include="cpp&amp;h\meshobit.h">
      <Filter>Mesh</Filter>
    </ClInclude>
    <ClInclude Include="cpp&amp;h\meshsphere.h">
      <Filter>Mesh</Filter>
    </ClInclude>
    <ClInclude Include="cpp&amp;h\meshwall.h">
      <Filter>Mesh</Filter>
    </ClInclude>
    <ClInclude Include="cpp&amp;h\model_info.h">
      <Filter>Model</Filter>
    </ClInclude>
    <ClInclude Include="cpp&amp;h\model.h">
      <Filter>Model</Filter>
    </ClInclude>
    <ClInclude Include="cpp&amp;h\ui_group.h">
      <Filter>Texture_UI</Filter>
    </ClInclude>
    <ClInclude Include="cpp&amp;h\ui.h">
      <Filter>Texture_UI</Filter>
    </ClInclude>
    <ClInclude Include="cpp&amp;h\texture_manager.h">
      <Filter>Texture_UI</Filter>
    </ClInclude>
    <ClInclude Include="cpp&amp;h\mouse.h">
      <Filter>Input</Filter>
    </ClInclude>
    <ClInclude Include="cpp&amp;h\XInputPad.h">
      <Filter>Input</Filter>
    </ClInclude>
    <ClInclude Include="cpp&amp;h\spherecollision.h">
      <Filter>Collision</Filter>
    </ClInclude>
    <ClInclude Include="cpp&amp;h\circleshadow.h">
      <Filter>Shadow</Filter>
    </ClInclude>
    <ClInclude Include="cpp&amp;h\stencilshadow.h">
      <Filter>Shadow</Filter>
    </ClInclude>
    <ClInclude Include="cpp&amp;h\shadow_mapping.h">
      <Filter>Shadow</Filter>
    </ClInclude>
    <ClInclude Include="cpp&amp;h\camera.h">
      <Filter>Option</Filter>
    </ClInclude>
    <ClInclude Include="cpp&amp;h\light.h">
      <Filter>Option</Filter>
    </ClInclude>
    <ClInclude Include="cpp&amp;h\fade.h">
      <Filter>Option</Filter>
    </ClInclude>
    <ClInclude Include="cpp&amp;h\sound.h">
      <Filter>Option</Filter>
    </ClInclude>
    <ClInclude Include="cpp&amp;h\rectcollision.h">
      <Filter>Collision</Filter>
    </ClInclude>
    <ClInclude Include="cpp&amp;h\Calculation.h">
      <Filter>Option</Filter>
    </ClInclude>
    <ClInclude Include="cpp&amp;h\character.h">
      <Filter>Model</Filter>
    </ClInclude>
    <ClInclude Include="cpp&amp;h\floor.h">
      <Filter>Mesh</Filter>
    </ClInclude>
    <ClInclude Include="cpp&amp;h\damagefloor.h">
      <Filter>Map</Filter>
    </ClInclude>
    <ClInclude Include="cpp&amp;h\baseblock.h">
      <Filter>Model\Block</Filter>
    </ClInclude>
    <ClInclude Include="cpp&amp;h\fieldblock.h">
      <Filter>Model\Block</Filter>
    </ClInclude>
    <ClInclude Include="cpp&amp;h\connectblock.h">
      <Filter>Model\Block</Filter>
    </ClInclude>
    <ClInclude Include="cpp&amp;h\connect_fieldblock.h">
      <Filter>Model\Block</Filter>
    </ClInclude>
    <ClInclude Include="cpp&amp;h\normalblock.h">
      <Filter>Model\Block</Filter>
    </ClInclude>
    <ClInclude Include="cpp&amp;h\stand.h">
      <Filter>Map</Filter>
    </ClInclude>
    <ClInclude Include="cpp&amp;h\bg.h">
      <Filter>Texture_UI</Filter>
    </ClInclude>
    <ClInclude Include="cpp&amp;h\signboard.h">
      <Filter>Map</Filter>
    </ClInclude>
    <ClInclude Include="cpp&amp;h\meshbox.h">
      <Filter>Mesh</Filter>
    </ClInclude>
    <ClInclude Include="cpp&amp;h\playerUI.h">
      <Filter>Texture_UI</Filter>
    </ClInclude>
    <ClInclude Include="cpp&amp;h\resultUI.h">
      <Filter>Texture_UI</Filter>
    </ClInclude>
    <ClInclude Include="cpp&amp;h\opening.h">
      <Filter>Mode</Filter>
    </ClInclude>
    <ClInclude Include="cpp&amp;h\stagingblock.h">
      <Filter>Model\Block</Filter>
    </ClInclude>
    <ClInclude Include="cpp&amp;h\openingmanager.h">
      <Filter>Manager</Filter>
    </ClInclude>
    <ClInclude Include="cpp&amp;h\bombblock..h">
      <Filter>Model\Block</Filter>
    </ClInclude>
    <ClInclude Include="cpp&amp;h\springblock.h">
      <Filter>Model\Block</Filter>
    </ClInclude>
  </ItemGroup>
</Project>